// !$*UTF8*$!
{
	archiveVersion = 1;
	classes = {
	};
	objectVersion = 46;
	objects = {

/* Begin PBXBuildFile section */
		1F7FCACA1DB8799B008C13C9 /* main.m in Sources */ = {isa = PBXBuildFile; fileRef = 1F7FCAC91DB8799B008C13C9 /* main.m */; };
		1F7FCACD1DB8799B008C13C9 /* AppDelegate.m in Sources */ = {isa = PBXBuildFile; fileRef = 1F7FCACC1DB8799B008C13C9 /* AppDelegate.m */; };
		1F7FCAD01DB8799B008C13C9 /* ViewController.m in Sources */ = {isa = PBXBuildFile; fileRef = 1F7FCACF1DB8799B008C13C9 /* ViewController.m */; };
		1F7FCAD31DB8799B008C13C9 /* Main.storyboard in Resources */ = {isa = PBXBuildFile; fileRef = 1F7FCAD11DB8799B008C13C9 /* Main.storyboard */; };
		1F7FCAD51DB8799B008C13C9 /* Assets.xcassets in Resources */ = {isa = PBXBuildFile; fileRef = 1F7FCAD41DB8799B008C13C9 /* Assets.xcassets */; };
		1F7FCAD81DB8799B008C13C9 /* LaunchScreen.storyboard in Resources */ = {isa = PBXBuildFile; fileRef = 1F7FCAD61DB8799B008C13C9 /* LaunchScreen.storyboard */; };
		1F7FCAE31DB8799B008C13C9 /* UIButtonTestTests.m in Sources */ = {isa = PBXBuildFile; fileRef = 1F7FCAE21DB8799B008C13C9 /* UIButtonTestTests.m */; };
		1F7FCAEE1DB8799B008C13C9 /* UIButtonTestUITests.m in Sources */ = {isa = PBXBuildFile; fileRef = 1F7FCAED1DB8799B008C13C9 /* UIButtonTestUITests.m */; };
		1F7FCB001DB87A5B008C13C9 /* ListTableViewController.m in Sources */ = {isa = PBXBuildFile; fileRef = 1F7FCAFF1DB87A5B008C13C9 /* ListTableViewController.m */; };
/* End PBXBuildFile section */

/* Begin PBXContainerItemProxy section */
		1F7FCADF1DB8799B008C13C9 /* PBXContainerItemProxy */ = {
			isa = PBXContainerItemProxy;
			containerPortal = 1F7FCABD1DB8799B008C13C9 /* Project object */;
			proxyType = 1;
			remoteGlobalIDString = 1F7FCAC41DB8799B008C13C9;
			remoteInfo = UIButtonTest;
		};
		1F7FCAEA1DB8799B008C13C9 /* PBXContainerItemProxy */ = {
			isa = PBXContainerItemProxy;
			containerPortal = 1F7FCABD1DB8799B008C13C9 /* Project object */;
			proxyType = 1;
			remoteGlobalIDString = 1F7FCAC41DB8799B008C13C9;
			remoteInfo = UIButtonTest;
		};
/* End PBXContainerItemProxy section */

/* Begin PBXFileReference section */
		1F7FCAC51DB8799B008C13C9 /* UIButtonTest.app */ = {isa = PBXFileReference; explicitFileType = wrapper.application; includeInIndex = 0; path = UIButtonTest.app; sourceTree = BUILT_PRODUCTS_DIR; };
		1F7FCAC91DB8799B008C13C9 /* main.m */ = {isa = PBXFileReference; lastKnownFileType = sourcecode.c.objc; path = main.m; sourceTree = "<group>"; };
		1F7FCACB1DB8799B008C13C9 /* AppDelegate.h */ = {isa = PBXFileReference; lastKnownFileType = sourcecode.c.h; path = AppDelegate.h; sourceTree = "<group>"; };
		1F7FCACC1DB8799B008C13C9 /* AppDelegate.m */ = {isa = PBXFileReference; lastKnownFileType = sourcecode.c.objc; path = AppDelegate.m; sourceTree = "<group>"; };
		1F7FCACE1DB8799B008C13C9 /* ViewController.h */ = {isa = PBXFileReference; lastKnownFileType = sourcecode.c.h; path = ViewController.h; sourceTree = "<group>"; };
		1F7FCACF1DB8799B008C13C9 /* ViewController.m */ = {isa = PBXFileReference; lastKnownFileType = sourcecode.c.objc; path = ViewController.m; sourceTree = "<group>"; };
		1F7FCAD21DB8799B008C13C9 /* Base */ = {isa = PBXFileReference; lastKnownFileType = file.storyboard; name = Base; path = Base.lproj/Main.storyboard; sourceTree = "<group>"; };
		1F7FCAD41DB8799B008C13C9 /* Assets.xcassets */ = {isa = PBXFileReference; lastKnownFileType = folder.assetcatalog; path = Assets.xcassets; sourceTree = "<group>"; };
		1F7FCAD71DB8799B008C13C9 /* Base */ = {isa = PBXFileReference; lastKnownFileType = file.storyboard; name = Base; path = Base.lproj/LaunchScreen.storyboard; sourceTree = "<group>"; };
		1F7FCAD91DB8799B008C13C9 /* Info.plist */ = {isa = PBXFileReference; lastKnownFileType = text.plist.xml; path = Info.plist; sourceTree = "<group>"; };
		1F7FCADE1DB8799B008C13C9 /* UIButtonTestTests.xctest */ = {isa = PBXFileReference; explicitFileType = wrapper.cfbundle; includeInIndex = 0; path = UIButtonTestTests.xctest; sourceTree = BUILT_PRODUCTS_DIR; };
		1F7FCAE21DB8799B008C13C9 /* UIButtonTestTests.m */ = {isa = PBXFileReference; lastKnownFileType = sourcecode.c.objc; path = UIButtonTestTests.m; sourceTree = "<group>"; };
		1F7FCAE41DB8799B008C13C9 /* Info.plist */ = {isa = PBXFileReference; lastKnownFileType = text.plist.xml; path = Info.plist; sourceTree = "<group>"; };
		1F7FCAE91DB8799B008C13C9 /* UIButtonTestUITests.xctest */ = {isa = PBXFileReference; explicitFileType = wrapper.cfbundle; includeInIndex = 0; path = UIButtonTestUITests.xctest; sourceTree = BUILT_PRODUCTS_DIR; };
		1F7FCAED1DB8799B008C13C9 /* UIButtonTestUITests.m */ = {isa = PBXFileReference; lastKnownFileType = sourcecode.c.objc; path = UIButtonTestUITests.m; sourceTree = "<group>"; };
		1F7FCAEF1DB8799B008C13C9 /* Info.plist */ = {isa = PBXFileReference; lastKnownFileType = text.plist.xml; path = Info.plist; sourceTree = "<group>"; };
		1F7FCAFE1DB87A5B008C13C9 /* ListTableViewController.h */ = {isa = PBXFileReference; fileEncoding = 4; lastKnownFileType = sourcecode.c.h; path = ListTableViewController.h; sourceTree = "<group>"; };
		1F7FCAFF1DB87A5B008C13C9 /* ListTableViewController.m */ = {isa = PBXFileReference; fileEncoding = 4; lastKnownFileType = sourcecode.c.objc; path = ListTableViewController.m; sourceTree = "<group>"; };
/* End PBXFileReference section */

/* Begin PBXFrameworksBuildPhase section */
		1F7FCAC21DB8799B008C13C9 /* Frameworks */ = {
			isa = PBXFrameworksBuildPhase;
			buildActionMask = 2147483647;
			files = (
			);
			runOnlyForDeploymentPostprocessing = 0;
		};
		1F7FCADB1DB8799B008C13C9 /* Frameworks */ = {
			isa = PBXFrameworksBuildPhase;
			buildActionMask = 2147483647;
			files = (
			);
			runOnlyForDeploymentPostprocessing = 0;
		};
		1F7FCAE61DB8799B008C13C9 /* Frameworks */ = {
			isa = PBXFrameworksBuildPhase;
			buildActionMask = 2147483647;
			files = (
			);
			runOnlyForDeploymentPostprocessing = 0;
		};
/* End PBXFrameworksBuildPhase section */

/* Begin PBXGroup section */
		1F7FCABC1DB8799B008C13C9 = {
			isa = PBXGroup;
			children = (
				1F7FCAFE1DB87A5B008C13C9 /* ListTableViewController.h */,
				1F7FCAFF1DB87A5B008C13C9 /* ListTableViewController.m */,
				1F7FCAC71DB8799B008C13C9 /* UIButtonTest */,
				1F7FCAE11DB8799B008C13C9 /* UIButtonTestTests */,
				1F7FCAEC1DB8799B008C13C9 /* UIButtonTestUITests */,
				1F7FCAC61DB8799B008C13C9 /* Products */,
			);
			sourceTree = "<group>";
		};
		1F7FCAC61DB8799B008C13C9 /* Products */ = {
			isa = PBXGroup;
			children = (
				1F7FCAC51DB8799B008C13C9 /* UIButtonTest.app */,
				1F7FCADE1DB8799B008C13C9 /* UIButtonTestTests.xctest */,
				1F7FCAE91DB8799B008C13C9 /* UIButtonTestUITests.xctest */,
			);
			name = Products;
			sourceTree = "<group>";
		};
		1F7FCAC71DB8799B008C13C9 /* UIButtonTest */ = {
			isa = PBXGroup;
			children = (
				1F7FCACB1DB8799B008C13C9 /* AppDelegate.h */,
				1F7FCACC1DB8799B008C13C9 /* AppDelegate.m */,
				1F7FCACE1DB8799B008C13C9 /* ViewController.h */,
				1F7FCACF1DB8799B008C13C9 /* ViewController.m */,
				1F7FCAD11DB8799B008C13C9 /* Main.storyboard */,
				1F7FCAD41DB8799B008C13C9 /* Assets.xcassets */,
				1F7FCAD61DB8799B008C13C9 /* LaunchScreen.storyboard */,
				1F7FCAD91DB8799B008C13C9 /* Info.plist */,
				1F7FCAC81DB8799B008C13C9 /* Supporting Files */,
			);
			path = UIButtonTest;
			sourceTree = "<group>";
		};
		1F7FCAC81DB8799B008C13C9 /* Supporting Files */ = {
			isa = PBXGroup;
			children = (
				1F7FCAC91DB8799B008C13C9 /* main.m */,
			);
			name = "Supporting Files";
			sourceTree = "<group>";
		};
		1F7FCAE11DB8799B008C13C9 /* UIButtonTestTests */ = {
			isa = PBXGroup;
			children = (
				1F7FCAE21DB8799B008C13C9 /* UIButtonTestTests.m */,
				1F7FCAE41DB8799B008C13C9 /* Info.plist */,
			);
			path = UIButtonTestTests;
			sourceTree = "<group>";
		};
		1F7FCAEC1DB8799B008C13C9 /* UIButtonTestUITests */ = {
			isa = PBXGroup;
			children = (
				1F7FCAED1DB8799B008C13C9 /* UIButtonTestUITests.m */,
				1F7FCAEF1DB8799B008C13C9 /* Info.plist */,
			);
			path = UIButtonTestUITests;
			sourceTree = "<group>";
		};
/* End PBXGroup section */

/* Begin PBXNativeTarget section */
		1F7FCAC41DB8799B008C13C9 /* UIButtonTest */ = {
			isa = PBXNativeTarget;
			buildConfigurationList = 1F7FCAF21DB8799B008C13C9 /* Build configuration list for PBXNativeTarget "UIButtonTest" */;
			buildPhases = (
				1F7FCAC11DB8799B008C13C9 /* Sources */,
				1F7FCAC21DB8799B008C13C9 /* Frameworks */,
				1F7FCAC31DB8799B008C13C9 /* Resources */,
			);
			buildRules = (
			);
			dependencies = (
			);
			name = UIButtonTest;
			productName = UIButtonTest;
			productReference = 1F7FCAC51DB8799B008C13C9 /* UIButtonTest.app */;
			productType = "com.apple.product-type.application";
		};
		1F7FCADD1DB8799B008C13C9 /* UIButtonTestTests */ = {
			isa = PBXNativeTarget;
			buildConfigurationList = 1F7FCAF51DB8799B008C13C9 /* Build configuration list for PBXNativeTarget "UIButtonTestTests" */;
			buildPhases = (
				1F7FCADA1DB8799B008C13C9 /* Sources */,
				1F7FCADB1DB8799B008C13C9 /* Frameworks */,
				1F7FCADC1DB8799B008C13C9 /* Resources */,
			);
			buildRules = (
			);
			dependencies = (
				1F7FCAE01DB8799B008C13C9 /* PBXTargetDependency */,
			);
			name = UIButtonTestTests;
			productName = UIButtonTestTests;
			productReference = 1F7FCADE1DB8799B008C13C9 /* UIButtonTestTests.xctest */;
			productType = "com.apple.product-type.bundle.unit-test";
		};
		1F7FCAE81DB8799B008C13C9 /* UIButtonTestUITests */ = {
			isa = PBXNativeTarget;
			buildConfigurationList = 1F7FCAF81DB8799B008C13C9 /* Build configuration list for PBXNativeTarget "UIButtonTestUITests" */;
			buildPhases = (
				1F7FCAE51DB8799B008C13C9 /* Sources */,
				1F7FCAE61DB8799B008C13C9 /* Frameworks */,
				1F7FCAE71DB8799B008C13C9 /* Resources */,
			);
			buildRules = (
			);
			dependencies = (
				1F7FCAEB1DB8799B008C13C9 /* PBXTargetDependency */,
			);
			name = UIButtonTestUITests;
			productName = UIButtonTestUITests;
			productReference = 1F7FCAE91DB8799B008C13C9 /* UIButtonTestUITests.xctest */;
			productType = "com.apple.product-type.bundle.ui-testing";
		};
/* End PBXNativeTarget section */

/* Begin PBXProject section */
		1F7FCABD1DB8799B008C13C9 /* Project object */ = {
			isa = PBXProject;
			attributes = {
				LastUpgradeCheck = 0800;
				ORGANIZATIONNAME = yongjie_zou;
				TargetAttributes = {
					1F7FCAC41DB8799B008C13C9 = {
						CreatedOnToolsVersion = 8.0;
						DevelopmentTeam = KQPYSP4J84;
						ProvisioningStyle = Manual;
					};
					1F7FCADD1DB8799B008C13C9 = {
						CreatedOnToolsVersion = 8.0;
						ProvisioningStyle = Automatic;
						TestTargetID = 1F7FCAC41DB8799B008C13C9;
					};
					1F7FCAE81DB8799B008C13C9 = {
						CreatedOnToolsVersion = 8.0;
						ProvisioningStyle = Automatic;
						TestTargetID = 1F7FCAC41DB8799B008C13C9;
					};
				};
			};
			buildConfigurationList = 1F7FCAC01DB8799B008C13C9 /* Build configuration list for PBXProject "UIButtonTest" */;
			compatibilityVersion = "Xcode 3.2";
			developmentRegion = English;
			hasScannedForEncodings = 0;
			knownRegions = (
				en,
				Base,
			);
			mainGroup = 1F7FCABC1DB8799B008C13C9;
			productRefGroup = 1F7FCAC61DB8799B008C13C9 /* Products */;
			projectDirPath = "";
			projectRoot = "";
			targets = (
				1F7FCAC41DB8799B008C13C9 /* UIButtonTest */,
				1F7FCADD1DB8799B008C13C9 /* UIButtonTestTests */,
				1F7FCAE81DB8799B008C13C9 /* UIButtonTestUITests */,
			);
		};
/* End PBXProject section */

/* Begin PBXResourcesBuildPhase section */
		1F7FCAC31DB8799B008C13C9 /* Resources */ = {
			isa = PBXResourcesBuildPhase;
			buildActionMask = 2147483647;
			files = (
				1F7FCAD81DB8799B008C13C9 /* LaunchScreen.storyboard in Resources */,
				1F7FCAD51DB8799B008C13C9 /* Assets.xcassets in Resources */,
				1F7FCAD31DB8799B008C13C9 /* Main.storyboard in Resources */,
			);
			runOnlyForDeploymentPostprocessing = 0;
		};
		1F7FCADC1DB8799B008C13C9 /* Resources */ = {
			isa = PBXResourcesBuildPhase;
			buildActionMask = 2147483647;
			files = (
			);
			runOnlyForDeploymentPostprocessing = 0;
		};
		1F7FCAE71DB8799B008C13C9 /* Resources */ = {
			isa = PBXResourcesBuildPhase;
			buildActionMask = 2147483647;
			files = (
			);
			runOnlyForDeploymentPostprocessing = 0;
		};
/* End PBXResourcesBuildPhase section */

/* Begin PBXSourcesBuildPhase section */
		1F7FCAC11DB8799B008C13C9 /* Sources */ = {
			isa = PBXSourcesBuildPhase;
			buildActionMask = 2147483647;
			files = (
				1F7FCAD01DB8799B008C13C9 /* ViewController.m in Sources */,
				1F7FCACD1DB8799B008C13C9 /* AppDelegate.m in Sources */,
				1F7FCACA1DB8799B008C13C9 /* main.m in Sources */,
				1F7FCB001DB87A5B008C13C9 /* ListTableViewController.m in Sources */,
			);
			runOnlyForDeploymentPostprocessing = 0;
		};
		1F7FCADA1DB8799B008C13C9 /* Sources */ = {
			isa = PBXSourcesBuildPhase;
			buildActionMask = 2147483647;
			files = (
				1F7FCAE31DB8799B008C13C9 /* UIButtonTestTests.m in Sources */,
			);
			runOnlyForDeploymentPostprocessing = 0;
		};
		1F7FCAE51DB8799B008C13C9 /* Sources */ = {
			isa = PBXSourcesBuildPhase;
			buildActionMask = 2147483647;
			files = (
				1F7FCAEE1DB8799B008C13C9 /* UIButtonTestUITests.m in Sources */,
			);
			runOnlyForDeploymentPostprocessing = 0;
		};
/* End PBXSourcesBuildPhase section */

/* Begin PBXTargetDependency section */
		1F7FCAE01DB8799B008C13C9 /* PBXTargetDependency */ = {
			isa = PBXTargetDependency;
			target = 1F7FCAC41DB8799B008C13C9 /* UIButtonTest */;
			targetProxy = 1F7FCADF1DB8799B008C13C9 /* PBXContainerItemProxy */;
		};
		1F7FCAEB1DB8799B008C13C9 /* PBXTargetDependency */ = {
			isa = PBXTargetDependency;
			target = 1F7FCAC41DB8799B008C13C9 /* UIButtonTest */;
			targetProxy = 1F7FCAEA1DB8799B008C13C9 /* PBXContainerItemProxy */;
		};
/* End PBXTargetDependency section */

/* Begin PBXVariantGroup section */
		1F7FCAD11DB8799B008C13C9 /* Main.storyboard */ = {
			isa = PBXVariantGroup;
			children = (
				1F7FCAD21DB8799B008C13C9 /* Base */,
			);
			name = Main.storyboard;
			sourceTree = "<group>";
		};
		1F7FCAD61DB8799B008C13C9 /* LaunchScreen.storyboard */ = {
			isa = PBXVariantGroup;
			children = (
				1F7FCAD71DB8799B008C13C9 /* Base */,
			);
			name = LaunchScreen.storyboard;
			sourceTree = "<group>";
		};
/* End PBXVariantGroup section */

/* Begin XCBuildConfiguration section */
		1F7FCAF01DB8799B008C13C9 /* Debug */ = {
			isa = XCBuildConfiguration;
			buildSettings = {
				ALWAYS_SEARCH_USER_PATHS = NO;
				CLANG_ANALYZER_NONNULL = YES;
				CLANG_CXX_LANGUAGE_STANDARD = "gnu++0x";
				CLANG_CXX_LIBRARY = "libc++";
				CLANG_ENABLE_MODULES = YES;
				CLANG_ENABLE_OBJC_ARC = YES;
				CLANG_WARN_BOOL_CONVERSION = YES;
				CLANG_WARN_CONSTANT_CONVERSION = YES;
				CLANG_WARN_DIRECT_OBJC_ISA_USAGE = YES_ERROR;
				CLANG_WARN_DOCUMENTATION_COMMENTS = YES;
				CLANG_WARN_EMPTY_BODY = YES;
				CLANG_WARN_ENUM_CONVERSION = YES;
				CLANG_WARN_INFINITE_RECURSION = YES;
				CLANG_WARN_INT_CONVERSION = YES;
				CLANG_WARN_OBJC_ROOT_CLASS = YES_ERROR;
				CLANG_WARN_SUSPICIOUS_MOVES = YES;
				CLANG_WARN_UNREACHABLE_CODE = YES;
				CLANG_WARN__DUPLICATE_METHOD_MATCH = YES;
				"CODE_SIGN_IDENTITY[sdk=iphoneos*]" = "iPhone Developer";
				COPY_PHASE_STRIP = NO;
				DEBUG_INFORMATION_FORMAT = dwarf;
				ENABLE_STRICT_OBJC_MSGSEND = YES;
				ENABLE_TESTABILITY = YES;
				GCC_C_LANGUAGE_STANDARD = gnu99;
				GCC_DYNAMIC_NO_PIC = NO;
				GCC_NO_COMMON_BLOCKS = YES;
				GCC_OPTIMIZATION_LEVEL = 0;
				GCC_PREPROCESSOR_DEFINITIONS = (
					"DEBUG=1",
					"$(inherited)",
				);
				GCC_WARN_64_TO_32_BIT_CONVERSION = YES;
				GCC_WARN_ABOUT_RETURN_TYPE = YES_ERROR;
				GCC_WARN_UNDECLARED_SELECTOR = YES;
				GCC_WARN_UNINITIALIZED_AUTOS = YES_AGGRESSIVE;
				GCC_WARN_UNUSED_FUNCTION = YES;
				GCC_WARN_UNUSED_VARIABLE = YES;
				IPHONEOS_DEPLOYMENT_TARGET = 9.3;
				MTL_ENABLE_DEBUG_INFO = YES;
				ONLY_ACTIVE_ARCH = YES;
				SDKROOT = iphoneos;
				TARGETED_DEVICE_FAMILY = "1,2";
			};
			name = Debug;
		};
		1F7FCAF11DB8799B008C13C9 /* Release */ = {
			isa = XCBuildConfiguration;
			buildSettings = {
				ALWAYS_SEARCH_USER_PATHS = NO;
				CLANG_ANALYZER_NONNULL = YES;
				CLANG_CXX_LANGUAGE_STANDARD = "gnu++0x";
				CLANG_CXX_LIBRARY = "libc++";
				CLANG_ENABLE_MODULES = YES;
				CLANG_ENABLE_OBJC_ARC = YES;
				CLANG_WARN_BOOL_CONVERSION = YES;
				CLANG_WARN_CONSTANT_CONVERSION = YES;
				CLANG_WARN_DIRECT_OBJC_ISA_USAGE = YES_ERROR;
				CLANG_WARN_DOCUMENTATION_COMMENTS = YES;
				CLANG_WARN_EMPTY_BODY = YES;
				CLANG_WARN_ENUM_CONVERSION = YES;
				CLANG_WARN_INFINITE_RECURSION = YES;
				CLANG_WARN_INT_CONVERSION = YES;
				CLANG_WARN_OBJC_ROOT_CLASS = YES_ERROR;
				CLANG_WARN_SUSPICIOUS_MOVES = YES;
				CLANG_WARN_UNREACHABLE_CODE = YES;
				CLANG_WARN__DUPLICATE_METHOD_MATCH = YES;
				"CODE_SIGN_IDENTITY[sdk=iphoneos*]" = "iPhone Developer";
				COPY_PHASE_STRIP = NO;
				DEBUG_INFORMATION_FORMAT = "dwarf-with-dsym";
				ENABLE_NS_ASSERTIONS = NO;
				ENABLE_STRICT_OBJC_MSGSEND = YES;
				GCC_C_LANGUAGE_STANDARD = gnu99;
				GCC_NO_COMMON_BLOCKS = YES;
				GCC_WARN_64_TO_32_BIT_CONVERSION = YES;
				GCC_WARN_ABOUT_RETURN_TYPE = YES_ERROR;
				GCC_WARN_UNDECLARED_SELECTOR = YES;
				GCC_WARN_UNINITIALIZED_AUTOS = YES_AGGRESSIVE;
				GCC_WARN_UNUSED_FUNCTION = YES;
				GCC_WARN_UNUSED_VARIABLE = YES;
				IPHONEOS_DEPLOYMENT_TARGET = 9.3;
				MTL_ENABLE_DEBUG_INFO = NO;
				SDKROOT = iphoneos;
				TARGETED_DEVICE_FAMILY = "1,2";
				VALIDATE_PRODUCT = YES;
			};
			name = Release;
		};
		1F7FCAF31DB8799B008C13C9 /* Debug */ = {
			isa = XCBuildConfiguration;
			buildSettings = {
				ASSETCATALOG_COMPILER_APPICON_NAME = AppIcon;
				CODE_SIGN_IDENTITY = "iPhone Developer: 下 罗 (2Y9237LY3P)";
				"CODE_SIGN_IDENTITY[sdk=iphoneos*]" = "iPhone Developer";
				DEVELOPMENT_TEAM = KQPYSP4J84;
				INFOPLIST_FILE = UIButtonTest/Info.plist;
				IPHONEOS_DEPLOYMENT_TARGET = 9.3;
				LD_RUNPATH_SEARCH_PATHS = "$(inherited) @executable_path/Frameworks";
				PRODUCT_BUNDLE_IDENTIFIER = zouyongjie.UIButtonTest;
				PRODUCT_NAME = "$(TARGET_NAME)";
				PROVISIONING_PROFILE = "4adb2876-b0e6-418a-9b44-74761bda0fc7";
				PROVISIONING_PROFILE_SPECIFIER = "dev-wildcard";
			};
			name = Debug;
		};
		1F7FCAF41DB8799B008C13C9 /* Release */ = {
			isa = XCBuildConfiguration;
			buildSettings = {
				ASSETCATALOG_COMPILER_APPICON_NAME = AppIcon;
				CODE_SIGN_IDENTITY = "iPhone Developer: 下 罗 (2Y9237LY3P)";
				"CODE_SIGN_IDENTITY[sdk=iphoneos*]" = "iPhone Developer";
				DEVELOPMENT_TEAM = "";
				INFOPLIST_FILE = UIButtonTest/Info.plist;
				IPHONEOS_DEPLOYMENT_TARGET = 9.3;
				LD_RUNPATH_SEARCH_PATHS = "$(inherited) @executable_path/Frameworks";
				PRODUCT_BUNDLE_IDENTIFIER = zouyongjie.UIButtonTest;
				PRODUCT_NAME = "$(TARGET_NAME)";
			};
			name = Release;
		};
		1F7FCAF61DB8799B008C13C9 /* Debug */ = {
			isa = XCBuildConfiguration;
			buildSettings = {
				BUNDLE_LOADER = "$(TEST_HOST)";
				INFOPLIST_FILE = UIButtonTestTests/Info.plist;
				LD_RUNPATH_SEARCH_PATHS = "$(inherited) @executable_path/Frameworks @loader_path/Frameworks";
				PRODUCT_BUNDLE_IDENTIFIER = zouyongjie.UIButtonTestTests;
				PRODUCT_NAME = "$(TARGET_NAME)";
				TEST_HOST = "$(BUILT_PRODUCTS_DIR)/UIButtonTest.app/UIButtonTest";
			};
			name = Debug;
		};
		1F7FCAF71DB8799B008C13C9 /* Release */ = {
			isa = XCBuildConfiguration;
			buildSettings = {
				BUNDLE_LOADER = "$(TEST_HOST)";
				INFOPLIST_FILE = UIButtonTestTests/Info.plist;
				LD_RUNPATH_SEARCH_PATHS = "$(inherited) @executable_path/Frameworks @loader_path/Frameworks";
				PRODUCT_BUNDLE_IDENTIFIER = zouyongjie.UIButtonTestTests;
				PRODUCT_NAME = "$(TARGET_NAME)";
				TEST_HOST = "$(BUILT_PRODUCTS_DIR)/UIButtonTest.app/UIButtonTest";
			};
			name = Release;
		};
		1F7FCAF91DB8799B008C13C9 /* Debug */ = {
			isa = XCBuildConfiguration;
			buildSettings = {
				INFOPLIST_FILE = UIButtonTestUITests/Info.plist;
				LD_RUNPATH_SEARCH_PATHS = "$(inherited) @executable_path/Frameworks @loader_path/Frameworks";
				PRODUCT_BUNDLE_IDENTIFIER = zouyongjie.UIButtonTestUITests;
				PRODUCT_NAME = "$(TARGET_NAME)";
				TEST_TARGET_NAME = UIButtonTest;
			};
			name = Debug;
		};
		1F7FCAFA1DB8799B008C13C9 /* Release */ = {
			isa = XCBuildConfiguration;
			buildSettings = {
				INFOPLIST_FILE = UIButtonTestUITests/Info.plist;
				LD_RUNPATH_SEARCH_PATHS = "$(inherited) @executable_path/Frameworks @loader_path/Frameworks";
				PRODUCT_BUNDLE_IDENTIFIER = zouyongjie.UIButtonTestUITests;
				PRODUCT_NAME = "$(TARGET_NAME)";
				TEST_TARGET_NAME = UIButtonTest;
			};
			name = Release;
		};
/* End XCBuildConfiguration section */

/* Begin XCConfigurationList section */
		1F7FCAC01DB8799B008C13C9 /* Build configuration list for PBXProject "UIButtonTest" */ = {
			isa = XCConfigurationList;
			buildConfigurations = (
				1F7FCAF01DB8799B008C13C9 /* Debug */,
				1F7FCAF11DB8799B008C13C9 /* Release */,
			);
			defaultConfigurationIsVisible = 0;
			defaultConfigurationName = Release;
		};
		1F7FCAF21DB8799B008C13C9 /* Build configuration list for PBXNativeTarget "UIButtonTest" */ = {
			isa = XCConfigurationList;
			buildConfigurations = (
				1F7FCAF31DB8799B008C13C9 /* Debug */,
				1F7FCAF41DB8799B008C13C9 /* Release */,
			);
			defaultConfigurationIsVisible = 0;
		};
		1F7FCAF51DB8799B008C13C9 /* Build configuration list for PBXNativeTarget "UIButtonTestTests" */ = {
			isa = XCConfigurationList;
			buildConfigurations = (
				1F7FCAF61DB8799B008C13C9 /* Debug */,
				1F7FCAF71DB8799B008C13C9 /* Release */,
			);
			defaultConfigurationIsVisible = 0;
		};
		1F7FCAF81DB8799B008C13C9 /* Build configuration list for PBXNativeTarget "UIButtonTestUITests" */ = {
			isa = XCConfigurationList;
			buildConfigurations = (
				1F7FCAF91DB8799B008C13C9 /* Debug */,
				1F7FCAFA1DB8799B008C13C9 /* Release */,
			);
			defaultConfigurationIsVisible = 0;
		};
/* End XCConfigurationList section */
	};
	rootObject = 1F7FCABD1DB8799B008C13C9 /* Project object */;
}
